
Microsoft Visual Studio Solution File, Format Version 12.00
# Visual Studio Version 17
VisualStudioVersion = 17.6.33723.286
MinimumVisualStudioVersion = 10.0.40219.1
Project("{FAE04EC0-301F-11D3-BF4B-00C04F79EFBC}") = "HealthCheckApp", "HealthCheckApp.csproj", "{D2B97DC2-2110-4AB8-8EE6-A664E49DCABC}"
EndProject
Global
	GlobalSection(SolutionConfigurationPlatforms) = preSolution
		Debug|Any CPU = Debug|Any CPU
		Release|Any CPU = Release|Any CPU
	EndGlobalSection
	GlobalSection(ProjectConfigurationPlatforms) = postSolution
		{D2B97DC2-2110-4AB8-8EE6-A664E49DCABC}.Debug|Any CPU.ActiveCfg = Debug|Any CPU
		{D2B97DC2-2110-4AB8-8EE6-A664E49DCABC}.Debug|Any CPU.Build.0 = Debug|Any CPU
		{D2B97DC2-2110-4AB8-8EE6-A664E49DCABC}.Release|Any CPU.ActiveCfg = Release|Any CPU
		{D2B97DC2-2110-4AB8-8EE6-A664E49DCABC}.Release|Any CPU.Build.0 = Release|Any CPU
	EndGlobalSection
	GlobalSection(SolutionProperties) = preSolution
		HideSolutionNode = FALSE
	EndGlobalSection
	GlobalSection(ExtensibilityGlobals) = postSolution
		SolutionGuid = {2A3E847E-166F-444B-B68C-41C7B3B649C7}
	EndGlobalSection
EndGlobal
